dependencies:
- name: et-service
  repository: file://../et-service
  version: 0.3.0
- name: et-collector
  repository: file://../et-collector
  version: 0.3.0
- name: et-receiver
  repository: file://../et-receiver
  version: 0.3.1
- name: et-receiver
  repository: file://../et-receiver
  version: 0.3.1
- name: et-receiver
  repository: file://../et-receiver
  version: 0.3.1
- name: et-receiver
  repository: file://../et-receiver
  version: 0.3.1
digest: sha256:46f857535677f325eade45c37521eb1dd9c919f00e4293375de756365b95cbfc
generated: "2023-04-06T20:30:28.993743+05:30"
